
Microsoft Visual Studio Solution File, Format Version 12.00
# Visual Studio Version 17
VisualStudioVersion = 17.14.36221.1 d17.14
MinimumVisualStudioVersion = 10.0.40219.1
Project("{FAE04EC0-301F-11D3-BF4B-00C04F79EFBC}") = "ContactCards", "ContactCards\ContactCards.csproj", "{46FDBB35-881C-4B19-A967-11B48E50A20E}"
EndProject
Global
	GlobalSection(SolutionConfigurationPlatforms) = preSolution
		Debug|Any CPU = Debug|Any CPU
		Release|Any CPU = Release|Any CPU
	EndGlobalSection
	GlobalSection(ProjectConfigurationPlatforms) = postSolution
		{46FDBB35-881C-4B19-A967-11B48E50A20E}.Debug|Any CPU.ActiveCfg = Debug|Any CPU
		{46FDBB35-881C-4B19-A967-11B48E50A20E}.Debug|Any CPU.Build.0 = Debug|Any CPU
		{46FDBB35-881C-4B19-A967-11B48E50A20E}.Release|Any CPU.ActiveCfg = Release|Any CPU
		{46FDBB35-881C-4B19-A967-11B48E50A20E}.Release|Any CPU.Build.0 = Release|Any CPU
	EndGlobalSection
	GlobalSection(SolutionProperties) = preSolution
		HideSolutionNode = FALSE
	EndGlobalSection
	GlobalSection(ExtensibilityGlobals) = postSolution
		SolutionGuid = {56D13F21-44B0-42A1-A7F5-3A6E1B2AEC9B}
	EndGlobalSection
EndGlobal
